# Frozen pip/conda export from one Windows machine, predating environment.yml's Node and OpenCV corrections; kept only for the mypy pin CI cites, never as a path to create an environment.
name: tcip-agent
channels:
  - conda-forge
  - defaults
dependencies:
  - bzip2=1.0.8=h0ad9c76_9
  - ca-certificates=2026.7.22=h4c7d964_0
  - libexpat=2.8.1=hac47afa_1
  - libffi=3.5.2=h3d046cb_0
  - liblzma=5.8.3=hfd05255_0
  - libsqlite=3.53.4=hf5d6505_0
  - libzlib=1.3.2=hfd05255_2
  - nodejs=26.5.0=h80d1838_0
  - openssl=3.6.3=hf411b9b_0
  - packaging=26.2=pyhc364b38_0
  - pip=26.1.2=pyh8b19718_0
  - python=3.12.13=h0159041_0_cpython
  - tk=8.6.13=h967ab96_3
  - ucrt=10.0.26100.0=h57928b3_0
  - vc=14.5=h1b7c187_39
  - vc14_runtime=14.51.36231=h1b9f54f_39
  - vcomp14=14.51.36231=h1b9f54f_39
  - wheel=0.47.0=pyhd8ed1ab_0
  - pip:
      - about-time==4.2.1
      - alembic==1.18.5
      - alive-progress==3.3.0
      - annotated-doc==0.0.4
      - annotated-types==0.8.0
      - antlr4-python3-runtime==4.9.3
      - anyio==4.14.2
      - ast-serialize==0.6.0
      - asttokens==3.0.2
      - attrs==26.1.0
      - autograd==1.9.1
      - ax-platform==1.3.1
      - bayesian-optimization==1.4.0
      - botorch==0.18.1
      - certifi==2026.7.22
      - cffi==2.1.0
      - charset-normalizer==3.4.9
      - click==8.4.2
      - cloudpickle==3.1.2
      - cma==4.4.4
      - colorama==0.4.6
      - colorlog==6.12.0
      - comm==0.2.3
      - configspace==1.2.2
      - contourpy==1.3.3
      - coverage==7.15.0
      - cryptography==49.0.0
      - cycler==0.12.1
      - decorator==5.3.1
      - deprecated==1.3.1
      - directsearch==1.1
      - execnet==2.1.2
      - executing==2.2.1
      - fastapi==0.140.7
      - filelock==3.32.0
      - fire==0.7.1
      - fonttools==4.63.0
      - fsspec==2026.6.0
      - future==1.0.0
      - gpytorch==1.15.2
      - graphemeu==0.7.2
      - greenlet==3.5.4
      - h11==0.16.0
      - hf-xet==1.5.2
      - hpbandster==0.7.4
      - httpcore==1.0.9
      - httpcore2==2.9.1
      - httptools==0.8.0
      - httpx==0.28.1
      - httpx-sse==0.4.3
      - httpx2==2.9.1
      - huggingface-hub==1.25.1
      - hydra-core==1.3.4
      - hyperopt==0.3.0
      - idna==3.18
      - imageio==2.37.4
      - iniconfig==2.3.0
      - iopath==0.1.10
      - ipython==9.15.0
      - ipython-pygments-lexers==1.1.1
      - ipywidgets==8.1.8
      - jedi==0.20.0
      - jinja2==3.1.6
      - joblib==1.5.3
      - jsonschema==4.26.0
      - jsonschema-specifications==2025.9.1
      - jupyterlab-widgets==3.0.16
      - kiwisolver==1.5.0
      - lazy-loader==0.5
      - librt==0.13.0
      - linear-operator==0.6.1
      - mako==1.3.12
      - markdown==3.10.2
      - markdown-it-py==4.2.0
      - markupsafe==3.0.3
      - matplotlib==3.11.1
      - matplotlib-inline==0.2.2
      - mcp==2.0.0
      - mcp-types==2.0.0
      - mdurl==0.1.2
      - moocore==0.3.2
      - more-itertools==11.1.0
      - mpmath==1.3.0
      - msgpack==1.2.1
      - multipledispatch==1.0.0
      - mypy==2.2.0
      - mypy-extensions==1.1.0
      - narwhals==2.24.0
      - netifaces==0.11.0
      - networkx==3.6.1
      - nevergrad==1.0.12
      - ninja==1.13.0
      - numpy==2.5.1
      - nvidia-ml-py==13.610.43
      - omegaconf==2.3.1
      - opencv-python==5.0.0.93
      - opentelemetry-api==1.44.0
      - optuna==4.9.0
      - pandas==3.0.5
      - parso==0.8.7
      - pathspec==1.1.1
      - patsy==1.0.2
      - pillow==12.3.0
      - platformdirs==4.11.0
      - plotly==6.9.0
      - pluggy==1.6.0
      - polars==1.42.0
      - polars-runtime-32==1.42.0
      - portalocker==3.2.0
      - prompt-toolkit==3.0.53
      - protobuf==7.35.1
      - psutil==7.2.2
      - pure-eval==0.2.3
      - py4j==0.10.9.9
      - pyarrow==25.0.0
      - pycocotools==2.0.11
      - pycparser==3.0
      - pydantic==2.13.4
      - pydantic-core==2.46.4
      - pydantic-settings==2.14.2
      - pygments==2.20.0
      - pyjwt==2.13.0
      - pymoo==0.6.2
      - pyparsing==3.3.2
      - pypdf==6.14.2
      - pyre-extensions==0.0.32
      - pyro4==4.82
      - pytest==9.1.1
      - pytest-asyncio==1.4.0
      - pytest-cov==7.1.0
      - pytest-timeout==2.4.0
      - pytest-xdist==3.8.0
      - python-dateutil==2.9.0.post0
      - python-dotenv==1.2.2
      - graphviz==0.21
      - python-multipart==0.0.32
      - pywin32==312
      - pywinpty==3.0.5
      - pyyaml==6.0.3
      - ray==2.56.1
      - referencing==0.37.0
      - requests==2.34.2
      - rich==15.0.0
      - rpds-py==2026.6.3
      - ruff==0.16.0
      - safetensors==0.8.0
      - sam-2==1.0
      - scikit-image==0.26.0
      - scikit-learn==1.9.0
      - scipy==1.18.0
      - serpent==1.43
      - setuptools==81.0.0
      - shapely==2.1.2
      - shellingham==1.5.4
      - six==1.17.0
      - sqlalchemy==2.0.51
      - sse-starlette==3.4.6
      - stack-data==0.6.3
      - starlette==1.3.1
      - statsmodels==0.14.6
      - sympy==1.14.0
      - tcip-annotation==0.1.0
      - tcip-mcp==0.1.0
      - tcip-web==0.1.0
      - tensorboardx==2.6.5
      - termcolor==3.3.0
      - threadpoolctl==3.6.0
      - tifffile==2026.7.14
      - timm==1.0.28
      - torch==2.13.0+cu126
      - torchvision==0.28.0+cu126
      - tqdm==4.70.0
      - traitlets==5.15.1
      - truststore==0.10.4
      - typer==0.25.1
      - typing-extensions==4.16.0
      - typing-inspect==0.9.0
      - typing-inspection==0.4.2
      - tzdata==2026.3
      - urllib3==2.7.0
      - uvicorn==0.51.0
      - watchfiles==1.2.0
      - wcwidth==0.8.2
      - websockets==16.1.1
      - widgetsnbextension==4.0.15
      - wrapt==2.2.2
      - zoopt==0.4.2
